
Microsoft Visual Studio Solution File, Format Version 12.00
# Visual Studio Version 17
VisualStudioVersion = 17.0.32112.339
MinimumVisualStudioVersion = 10.0.40219.1
Project("{FAE04EC0-301F-11D3-BF4B-00C04F79EFBC}") = "Justin_Hamilton_HW5_Part2", "Justin_Hamilton_HW5_Part2\Justin_Hamilton_HW5_Part2.csproj", "{7E4C561F-9394-4A82-8DF6-F006D96B2EED}"
EndProject
Global
	GlobalSection(SolutionConfigurationPlatforms) = preSolution
		Debug|Any CPU = Debug|Any CPU
		Release|Any CPU = Release|Any CPU
	EndGlobalSection
	GlobalSection(ProjectConfigurationPlatforms) = postSolution
		{7E4C561F-9394-4A82-8DF6-F006D96B2EED}.Debug|Any CPU.ActiveCfg = Debug|Any CPU
		{7E4C561F-9394-4A82-8DF6-F006D96B2EED}.Debug|Any CPU.Build.0 = Debug|Any CPU
		{7E4C561F-9394-4A82-8DF6-F006D96B2EED}.Release|Any CPU.ActiveCfg = Release|Any CPU
		{7E4C561F-9394-4A82-8DF6-F006D96B2EED}.Release|Any CPU.Build.0 = Release|Any CPU
	EndGlobalSection
	GlobalSection(SolutionProperties) = preSolution
		HideSolutionNode = FALSE
	EndGlobalSection
	GlobalSection(ExtensibilityGlobals) = postSolution
		SolutionGuid = {2D1E1876-B2EE-4757-8DE9-F4CDEE2045C5}
	EndGlobalSection
EndGlobal
